// !$*UTF8*$!
{
	archiveVersion = 1;
	classes = {
	};
	objectVersion = 56;
	objects = {

/* Begin PBXBuildFile section */
		186447E32B904777004AFF70 /* AppetizerDetailView.swift in Sources */ = {isa = PBXBuildFile; fileRef = 186447E22B904777004AFF70 /* AppetizerDetailView.swift */; };
		186447EB2B90685B004AFF70 /* APButton.swift in Sources */ = {isa = PBXBuildFile; fileRef = 186447EA2B90685B004AFF70 /* APButton.swift */; };
		186447ED2B906AD3004AFF70 /* DismissXButton.swift in Sources */ = {isa = PBXBuildFile; fileRef = 186447EC2B906AD3004AFF70 /* DismissXButton.swift */; };
		186447EF2B908C03004AFF70 /* AccountViewModel.swift in Sources */ = {isa = PBXBuildFile; fileRef = 186447EE2B908C03004AFF70 /* AccountViewModel.swift */; };
		186447F12B90951B004AFF70 /* String + Extension.swift in Sources */ = {isa = PBXBuildFile; fileRef = 186447F02B90951B004AFF70 /* String + Extension.swift */; };
		186447F32B9196E3004AFF70 /* User.swift in Sources */ = {isa = PBXBuildFile; fileRef = 186447F22B9196E3004AFF70 /* User.swift */; };
		186447F62B91B1F5004AFF70 /* EmptyState.swift in Sources */ = {isa = PBXBuildFile; fileRef = 186447F52B91B1F5004AFF70 /* EmptyState.swift */; };
		186447F82B91D3E3004AFF70 /* Order.swift in Sources */ = {isa = PBXBuildFile; fileRef = 186447F72B91D3E3004AFF70 /* Order.swift */; };
		1867FD432B91E9B900143771 /* CustomModifiers.swift in Sources */ = {isa = PBXBuildFile; fileRef = 1867FD422B91E9B900143771 /* CustomModifiers.swift */; };
		187051F92B8DD9BA009B0895 /* AppetizersApp.swift in Sources */ = {isa = PBXBuildFile; fileRef = 187051F82B8DD9BA009B0895 /* AppetizersApp.swift */; };
		187051FB2B8DD9BA009B0895 /* AppetizerTabView.swift in Sources */ = {isa = PBXBuildFile; fileRef = 187051FA2B8DD9BA009B0895 /* AppetizerTabView.swift */; };
		187051FD2B8DD9BC009B0895 /* Assets.xcassets in Resources */ = {isa = PBXBuildFile; fileRef = 187051FC2B8DD9BC009B0895 /* Assets.xcassets */; };
		187052002B8DD9BC009B0895 /* Preview Assets.xcassets in Resources */ = {isa = PBXBuildFile; fileRef = 187051FF2B8DD9BC009B0895 /* Preview Assets.xcassets */; };
		187052072B8DDA51009B0895 /* AppetizerListView.swift in Sources */ = {isa = PBXBuildFile; fileRef = 187052062B8DDA51009B0895 /* AppetizerListView.swift */; };
		187052092B8DDA61009B0895 /* AccountView.swift in Sources */ = {isa = PBXBuildFile; fileRef = 187052082B8DDA61009B0895 /* AccountView.swift */; };
		1870520B2B8DDA6B009B0895 /* OrderView.swift in Sources */ = {isa = PBXBuildFile; fileRef = 1870520A2B8DDA6B009B0895 /* OrderView.swift */; };
		1870520D2B8DE35C009B0895 /* Appetizer.swift in Sources */ = {isa = PBXBuildFile; fileRef = 1870520C2B8DE35C009B0895 /* Appetizer.swift */; };
		1870520F2B8DF02A009B0895 /* AppetizerListCell.swift in Sources */ = {isa = PBXBuildFile; fileRef = 1870520E2B8DF02A009B0895 /* AppetizerListCell.swift */; };
		187052112B8DF315009B0895 /* NetworkManager.swift in Sources */ = {isa = PBXBuildFile; fileRef = 187052102B8DF315009B0895 /* NetworkManager.swift */; };
		187052132B8DF427009B0895 /* APError.swift in Sources */ = {isa = PBXBuildFile; fileRef = 187052122B8DF427009B0895 /* APError.swift */; };
		44654B5B2B8EF7B200F320EA /* AppetizerListViewModel.swift in Sources */ = {isa = PBXBuildFile; fileRef = 44654B5A2B8EF7B200F320EA /* AppetizerListViewModel.swift */; };
		44654B5D2B8EFC9300F320EA /* Alert.swift in Sources */ = {isa = PBXBuildFile; fileRef = 44654B5C2B8EFC9300F320EA /* Alert.swift */; };
		44654B5F2B8F03AE00F320EA /* LoadingView.swift in Sources */ = {isa = PBXBuildFile; fileRef = 44654B5E2B8F03AE00F320EA /* LoadingView.swift */; };
		44654B622B8F04B600F320EA /* Color + Extension.swift in Sources */ = {isa = PBXBuildFile; fileRef = 44654B612B8F04B600F320EA /* Color + Extension.swift */; };
		44654B642B8F1AEC00F320EA /* RemoteImage.swift in Sources */ = {isa = PBXBuildFile; fileRef = 44654B632B8F1AEC00F320EA /* RemoteImage.swift */; };
/* End PBXBuildFile section */

/* Begin PBXFileReference section */
		186447E22B904777004AFF70 /* AppetizerDetailView.swift */ = {isa = PBXFileReference; lastKnownFileType = sourcecode.swift; path = AppetizerDetailView.swift; sourceTree = "<group>"; };
		186447EA2B90685B004AFF70 /* APButton.swift */ = {isa = PBXFileReference; lastKnownFileType = sourcecode.swift; path = APButton.swift; sourceTree = "<group>"; };
		186447EC2B906AD3004AFF70 /* DismissXButton.swift */ = {isa = PBXFileReference; lastKnownFileType = sourcecode.swift; path = DismissXButton.swift; sourceTree = "<group>"; };
		186447EE2B908C03004AFF70 /* AccountViewModel.swift */ = {isa = PBXFileReference; lastKnownFileType = sourcecode.swift; path = AccountViewModel.swift; sourceTree = "<group>"; };
		186447F02B90951B004AFF70 /* String + Extension.swift */ = {isa = PBXFileReference; lastKnownFileType = sourcecode.swift; path = "String + Extension.swift"; sourceTree = "<group>"; };
		186447F22B9196E3004AFF70 /* User.swift */ = {isa = PBXFileReference; lastKnownFileType = sourcecode.swift; path = User.swift; sourceTree = "<group>"; };
		186447F52B91B1F5004AFF70 /* EmptyState.swift */ = {isa = PBXFileReference; lastKnownFileType = sourcecode.swift; path = EmptyState.swift; sourceTree = "<group>"; };
		186447F72B91D3E3004AFF70 /* Order.swift */ = {isa = PBXFileReference; lastKnownFileType = sourcecode.swift; path = Order.swift; sourceTree = "<group>"; };
		1867FD422B91E9B900143771 /* CustomModifiers.swift */ = {isa = PBXFileReference; lastKnownFileType = sourcecode.swift; path = CustomModifiers.swift; sourceTree = "<group>"; };
		187051F52B8DD9BA009B0895 /* Appetizers.app */ = {isa = PBXFileReference; explicitFileType = wrapper.application; includeInIndex = 0; path = Appetizers.app; sourceTree = BUILT_PRODUCTS_DIR; };
		187051F82B8DD9BA009B0895 /* AppetizersApp.swift */ = {isa = PBXFileReference; lastKnownFileType = sourcecode.swift; path = AppetizersApp.swift; sourceTree = "<group>"; };
		187051FA2B8DD9BA009B0895 /* AppetizerTabView.swift */ = {isa = PBXFileReference; lastKnownFileType = sourcecode.swift; path = AppetizerTabView.swift; sourceTree = "<group>"; };
		187051FC2B8DD9BC009B0895 /* Assets.xcassets */ = {isa = PBXFileReference; lastKnownFileType = folder.assetcatalog; path = Assets.xcassets; sourceTree = "<group>"; };
		187051FF2B8DD9BC009B0895 /* Preview Assets.xcassets */ = {isa = PBXFileReference; lastKnownFileType = folder.assetcatalog; path = "Preview Assets.xcassets"; sourceTree = "<group>"; };
		187052062B8DDA51009B0895 /* AppetizerListView.swift */ = {isa = PBXFileReference; lastKnownFileType = sourcecode.swift; path = AppetizerListView.swift; sourceTree = "<group>"; };
		187052082B8DDA61009B0895 /* AccountView.swift */ = {isa = PBXFileReference; lastKnownFileType = sourcecode.swift; path = AccountView.swift; sourceTree = "<group>"; };
		1870520A2B8DDA6B009B0895 /* OrderView.swift */ = {isa = PBXFileReference; lastKnownFileType = sourcecode.swift; path = OrderView.swift; sourceTree = "<group>"; };
		1870520C2B8DE35C009B0895 /* Appetizer.swift */ = {isa = PBXFileReference; lastKnownFileType = sourcecode.swift; path = Appetizer.swift; sourceTree = "<group>"; };
		1870520E2B8DF02A009B0895 /* AppetizerListCell.swift */ = {isa = PBXFileReference; lastKnownFileType = sourcecode.swift; path = AppetizerListCell.swift; sourceTree = "<group>"; };
		187052102B8DF315009B0895 /* NetworkManager.swift */ = {isa = PBXFileReference; lastKnownFileType = sourcecode.swift; path = NetworkManager.swift; sourceTree = "<group>"; };
		187052122B8DF427009B0895 /* APError.swift */ = {isa = PBXFileReference; lastKnownFileType = sourcecode.swift; path = APError.swift; sourceTree = "<group>"; };
		44654B5A2B8EF7B200F320EA /* AppetizerListViewModel.swift */ = {isa = PBXFileReference; lastKnownFileType = sourcecode.swift; path = AppetizerListViewModel.swift; sourceTree = "<group>"; };
		44654B5C2B8EFC9300F320EA /* Alert.swift */ = {isa = PBXFileReference; lastKnownFileType = sourcecode.swift; path = Alert.swift; sourceTree = "<group>"; };
		44654B5E2B8F03AE00F320EA /* LoadingView.swift */ = {isa = PBXFileReference; lastKnownFileType = sourcecode.swift; path = LoadingView.swift; sourceTree = "<group>"; };
		44654B612B8F04B600F320EA /* Color + Extension.swift */ = {isa = PBXFileReference; lastKnownFileType = sourcecode.swift; path = "Color + Extension.swift"; sourceTree = "<group>"; };
		44654B632B8F1AEC00F320EA /* RemoteImage.swift */ = {isa = PBXFileReference; lastKnownFileType = sourcecode.swift; path = RemoteImage.swift; sourceTree = "<group>"; };
/* End PBXFileReference section */

/* Begin PBXFrameworksBuildPhase section */
		187051F22B8DD9BA009B0895 /* Frameworks */ = {
			isa = PBXFrameworksBuildPhase;
			buildActionMask = 2147483647;
			files = (
			);
			runOnlyForDeploymentPostprocessing = 0;
		};
/* End PBXFrameworksBuildPhase section */

/* Begin PBXGroup section */
		186447E42B906650004AFF70 /* Screens */ = {
			isa = PBXGroup;
			children = (
				187051FA2B8DD9BA009B0895 /* AppetizerTabView.swift */,
				186447E62B90672C004AFF70 /* AppetizerListView */,
				186447E72B906739004AFF70 /* AccountView */,
				186447E82B906745004AFF70 /* OrderView */,
			);
			path = Screens;
			sourceTree = "<group>";
		};
		186447E52B906711004AFF70 /* Cells */ = {
			isa = PBXGroup;
			children = (
				1870520E2B8DF02A009B0895 /* AppetizerListCell.swift */,
			);
			path = Cells;
			sourceTree = "<group>";
		};
		186447E62B90672C004AFF70 /* AppetizerListView */ = {
			isa = PBXGroup;
			children = (
				187052062B8DDA51009B0895 /* AppetizerListView.swift */,
				44654B5A2B8EF7B200F320EA /* AppetizerListViewModel.swift */,
				186447E22B904777004AFF70 /* AppetizerDetailView.swift */,
			);
			path = AppetizerListView;
			sourceTree = "<group>";
		};
		186447E72B906739004AFF70 /* AccountView */ = {
			isa = PBXGroup;
			children = (
				187052082B8DDA61009B0895 /* AccountView.swift */,
				186447EE2B908C03004AFF70 /* AccountViewModel.swift */,
			);
			path = AccountView;
			sourceTree = "<group>";
		};
		186447E82B906745004AFF70 /* OrderView */ = {
			isa = PBXGroup;
			children = (
				1870520A2B8DDA6B009B0895 /* OrderView.swift */,
			);
			path = OrderView;
			sourceTree = "<group>";
		};
		186447E92B906798004AFF70 /* Buttons */ = {
			isa = PBXGroup;
			children = (
				186447EA2B90685B004AFF70 /* APButton.swift */,
				186447EC2B906AD3004AFF70 /* DismissXButton.swift */,
			);
			path = Buttons;
			sourceTree = "<group>";
		};
		186447F42B91B1E0004AFF70 /* EmptyStates */ = {
			isa = PBXGroup;
			children = (
				186447F52B91B1F5004AFF70 /* EmptyState.swift */,
			);
			path = EmptyStates;
			sourceTree = "<group>";
		};
		187051EC2B8DD9BA009B0895 = {
			isa = PBXGroup;
			children = (
				187051F72B8DD9BA009B0895 /* Appetizers */,
				187051F62B8DD9BA009B0895 /* Products */,
			);
			sourceTree = "<group>";
		};
		187051F62B8DD9BA009B0895 /* Products */ = {
			isa = PBXGroup;
			children = (
				187051F52B8DD9BA009B0895 /* Appetizers.app */,
			);
			name = Products;
			sourceTree = "<group>";
		};
		187051F72B8DD9BA009B0895 /* Appetizers */ = {
			isa = PBXGroup;
			children = (
				187051F82B8DD9BA009B0895 /* AppetizersApp.swift */,
				186447E42B906650004AFF70 /* Screens */,
				44654B562B8EF71800F320EA /* Views */,
				44654B572B8EF74400F320EA /* Model */,
				44654B602B8F04A000F320EA /* Extensions */,
				44654B582B8EF75800F320EA /* Helpers */,
				187051FC2B8DD9BC009B0895 /* Assets.xcassets */,
				187051FE2B8DD9BC009B0895 /* Preview Content */,
			);
			path = Appetizers;
			sourceTree = "<group>";
		};
		187051FE2B8DD9BC009B0895 /* Preview Content */ = {
			isa = PBXGroup;
			children = (
				187051FF2B8DD9BC009B0895 /* Preview Assets.xcassets */,
			);
			path = "Preview Content";
			sourceTree = "<group>";
		};
		44654B562B8EF71800F320EA /* Views */ = {
			isa = PBXGroup;
			children = (
				1867FD422B91E9B900143771 /* CustomModifiers.swift */,
				44654B5E2B8F03AE00F320EA /* LoadingView.swift */,
				186447F42B91B1E0004AFF70 /* EmptyStates */,
				186447E92B906798004AFF70 /* Buttons */,
				186447E52B906711004AFF70 /* Cells */,
			);
			path = Views;
			sourceTree = "<group>";
		};
		44654B572B8EF74400F320EA /* Model */ = {
			isa = PBXGroup;
			children = (
				1870520C2B8DE35C009B0895 /* Appetizer.swift */,
				186447F22B9196E3004AFF70 /* User.swift */,
				186447F72B91D3E3004AFF70 /* Order.swift */,
			);
			path = Model;
			sourceTree = "<group>";
		};
		44654B582B8EF75800F320EA /* Helpers */ = {
			isa = PBXGroup;
			children = (
				187052102B8DF315009B0895 /* NetworkManager.swift */,
				187052122B8DF427009B0895 /* APError.swift */,
				44654B5C2B8EFC9300F320EA /* Alert.swift */,
				44654B632B8F1AEC00F320EA /* RemoteImage.swift */,
			);
			path = Helpers;
			sourceTree = "<group>";
		};
		44654B602B8F04A000F320EA /* Extensions */ = {
			isa = PBXGroup;
			children = (
				44654B612B8F04B600F320EA /* Color + Extension.swift */,
				186447F02B90951B004AFF70 /* String + Extension.swift */,
			);
			path = Extensions;
			sourceTree = "<group>";
		};
/* End PBXGroup section */

/* Begin PBXNativeTarget section */
		187051F42B8DD9BA009B0895 /* Appetizers */ = {
			isa = PBXNativeTarget;
			buildConfigurationList = 187052032B8DD9BC009B0895 /* Build configuration list for PBXNativeTarget "Appetizers" */;
			buildPhases = (
				187051F12B8DD9BA009B0895 /* Sources */,
				187051F22B8DD9BA009B0895 /* Frameworks */,
				187051F32B8DD9BA009B0895 /* Resources */,
			);
			buildRules = (
			);
			dependencies = (
			);
			name = Appetizers;
			productName = Appetizers;
			productReference = 187051F52B8DD9BA009B0895 /* Appetizers.app */;
			productType = "com.apple.product-type.application";
		};
/* End PBXNativeTarget section */

/* Begin PBXProject section */
		187051ED2B8DD9BA009B0895 /* Project object */ = {
			isa = PBXProject;
			attributes = {
				BuildIndependentTargetsInParallel = 1;
				LastSwiftUpdateCheck = 1520;
				LastUpgradeCheck = 1520;
				TargetAttributes = {
					187051F42B8DD9BA009B0895 = {
						CreatedOnToolsVersion = 15.2;
					};
				};
			};
			buildConfigurationList = 187051F02B8DD9BA009B0895 /* Build configuration list for PBXProject "Appetizers" */;
			compatibilityVersion = "Xcode 14.0";
			developmentRegion = en;
			hasScannedForEncodings = 0;
			knownRegions = (
				en,
				Base,
			);
			mainGroup = 187051EC2B8DD9BA009B0895;
			productRefGroup = 187051F62B8DD9BA009B0895 /* Products */;
			projectDirPath = "";
			projectRoot = "";
			targets = (
				187051F42B8DD9BA009B0895 /* Appetizers */,
			);
		};
/* End PBXProject section */

/* Begin PBXResourcesBuildPhase section */
		187051F32B8DD9BA009B0895 /* Resources */ = {
			isa = PBXResourcesBuildPhase;
			buildActionMask = 2147483647;
			files = (
				187052002B8DD9BC009B0895 /* Preview Assets.xcassets in Resources */,
				187051FD2B8DD9BC009B0895 /* Assets.xcassets in Resources */,
			);
			runOnlyForDeploymentPostprocessing = 0;
		};
/* End PBXResourcesBuildPhase section */

/* Begin PBXSourcesBuildPhase section */
		187051F12B8DD9BA009B0895 /* Sources */ = {
			isa = PBXSourcesBuildPhase;
			buildActionMask = 2147483647;
			files = (
				44654B642B8F1AEC00F320EA /* RemoteImage.swift in Sources */,
				1870520D2B8DE35C009B0895 /* Appetizer.swift in Sources */,
				44654B622B8F04B600F320EA /* Color + Extension.swift in Sources */,
				186447E32B904777004AFF70 /* AppetizerDetailView.swift in Sources */,
				186447F82B91D3E3004AFF70 /* Order.swift in Sources */,
				186447EF2B908C03004AFF70 /* AccountViewModel.swift in Sources */,
				187052132B8DF427009B0895 /* APError.swift in Sources */,
				1870520F2B8DF02A009B0895 /* AppetizerListCell.swift in Sources */,
				186447EB2B90685B004AFF70 /* APButton.swift in Sources */,
				186447F32B9196E3004AFF70 /* User.swift in Sources */,
				44654B5B2B8EF7B200F320EA /* AppetizerListViewModel.swift in Sources */,
				187052092B8DDA61009B0895 /* AccountView.swift in Sources */,
				186447F12B90951B004AFF70 /* String + Extension.swift in Sources */,
				44654B5F2B8F03AE00F320EA /* LoadingView.swift in Sources */,
				187051FB2B8DD9BA009B0895 /* AppetizerTabView.swift in Sources */,
				187052112B8DF315009B0895 /* NetworkManager.swift in Sources */,
				186447F62B91B1F5004AFF70 /* EmptyState.swift in Sources */,
				187051F92B8DD9BA009B0895 /* AppetizersApp.swift in Sources */,
				44654B5D2B8EFC9300F320EA /* Alert.swift in Sources */,
				186447ED2B906AD3004AFF70 /* DismissXButton.swift in Sources */,
				1867FD432B91E9B900143771 /* CustomModifiers.swift in Sources */,
				187052072B8DDA51009B0895 /* AppetizerListView.swift in Sources */,
				1870520B2B8DDA6B009B0895 /* OrderView.swift in Sources */,
			);
			runOnlyForDeploymentPostprocessing = 0;
		};
/* End PBXSourcesBuildPhase section */

/* Begin XCBuildConfiguration section */
		187052012B8DD9BC009B0895 /* Debug */ = {
			isa = XCBuildConfiguration;
			buildSettings = {
				ALWAYS_SEARCH_USER_PATHS = NO;
				ASSETCATALOG_COMPILER_GENERATE_SWIFT_ASSET_SYMBOL_EXTENSIONS = YES;
				CLANG_ANALYZER_NONNULL = YES;
				CLANG_ANALYZER_NUMBER_OBJECT_CONVERSION = YES_AGGRESSIVE;
				CLANG_CXX_LANGUAGE_STANDARD = "gnu++20";
				CLANG_ENABLE_MODULES = YES;
				CLANG_ENABLE_OBJC_ARC = YES;
				CLANG_ENABLE_OBJC_WEAK = YES;
				CLANG_WARN_BLOCK_CAPTURE_AUTORELEASING = YES;
				CLANG_WARN_BOOL_CONVERSION = YES;
				CLANG_WARN_COMMA = YES;
				CLANG_WARN_CONSTANT_CONVERSION = YES;
				CLANG_WARN_DEPRECATED_OBJC_IMPLEMENTATIONS = YES;
				CLANG_WARN_DIRECT_OBJC_ISA_USAGE = YES_ERROR;
				CLANG_WARN_DOCUMENTATION_COMMENTS = YES;
				CLANG_WARN_EMPTY_BODY = YES;
				CLANG_WARN_ENUM_CONVERSION = YES;
				CLANG_WARN_INFINITE_RECURSION = YES;
				CLANG_WARN_INT_CONVERSION = YES;
				CLANG_WARN_NON_LITERAL_NULL_CONVERSION = YES;
				CLANG_WARN_OBJC_IMPLICIT_RETAIN_SELF = YES;
				CLANG_WARN_OBJC_LITERAL_CONVERSION = YES;
				CLANG_WARN_OBJC_ROOT_CLASS = YES_ERROR;
				CLANG_WARN_QUOTED_INCLUDE_IN_FRAMEWORK_HEADER = YES;
				CLANG_WARN_RANGE_LOOP_ANALYSIS = YES;
				CLANG_WARN_STRICT_PROTOTYPES = YES;
				CLANG_WARN_SUSPICIOUS_MOVE = YES;
				CLANG_WARN_UNGUARDED_AVAILABILITY = YES_AGGRESSIVE;
				CLANG_WARN_UNREACHABLE_CODE = YES;
				CLANG_WARN__DUPLICATE_METHOD_MATCH = YES;
				COPY_PHASE_STRIP = NO;
				DEBUG_INFORMATION_FORMAT = dwarf;
				ENABLE_STRICT_OBJC_MSGSEND = YES;
				ENABLE_TESTABILITY = YES;
				ENABLE_USER_SCRIPT_SANDBOXING = YES;
				GCC_C_LANGUAGE_STANDARD = gnu17;
				GCC_DYNAMIC_NO_PIC = NO;
				GCC_NO_COMMON_BLOCKS = YES;
				GCC_OPTIMIZATION_LEVEL = 0;
				GCC_PREPROCESSOR_DEFINITIONS = (
					"DEBUG=1",
					"$(inherited)",
				);
				GCC_WARN_64_TO_32_BIT_CONVERSION = YES;
				GCC_WARN_ABOUT_RETURN_TYPE = YES_ERROR;
				GCC_WARN_UNDECLARED_SELECTOR = YES;
				GCC_WARN_UNINITIALIZED_AUTOS = YES_AGGRESSIVE;
				GCC_WARN_UNUSED_FUNCTION = YES;
				GCC_WARN_UNUSED_VARIABLE = YES;
				IPHONEOS_DEPLOYMENT_TARGET = 17.2;
				LOCALIZATION_PREFERS_STRING_CATALOGS = YES;
				MTL_ENABLE_DEBUG_INFO = INCLUDE_SOURCE;
				MTL_FAST_MATH = YES;
				ONLY_ACTIVE_ARCH = YES;
				SDKROOT = iphoneos;
				SWIFT_ACTIVE_COMPILATION_CONDITIONS = "DEBUG $(inherited)";
				SWIFT_OPTIMIZATION_LEVEL = "-Onone";
			};
			name = Debug;
		};
		187052022B8DD9BC009B0895 /* Release */ = {
			isa = XCBuildConfiguration;
			buildSettings = {
				ALWAYS_SEARCH_USER_PATHS = NO;
				ASSETCATALOG_COMPILER_GENERATE_SWIFT_ASSET_SYMBOL_EXTENSIONS = YES;
				CLANG_ANALYZER_NONNULL = YES;
				CLANG_ANALYZER_NUMBER_OBJECT_CONVERSION = YES_AGGRESSIVE;
				CLANG_CXX_LANGUAGE_STANDARD = "gnu++20";
				CLANG_ENABLE_MODULES = YES;
				CLANG_ENABLE_OBJC_ARC = YES;
				CLANG_ENABLE_OBJC_WEAK = YES;
				CLANG_WARN_BLOCK_CAPTURE_AUTORELEASING = YES;
				CLANG_WARN_BOOL_CONVERSION = YES;
				CLANG_WARN_COMMA = YES;
				CLANG_WARN_CONSTANT_CONVERSION = YES;
				CLANG_WARN_DEPRECATED_OBJC_IMPLEMENTATIONS = YES;
				CLANG_WARN_DIRECT_OBJC_ISA_USAGE = YES_ERROR;
				CLANG_WARN_DOCUMENTATION_COMMENTS = YES;
				CLANG_WARN_EMPTY_BODY = YES;
				CLANG_WARN_ENUM_CONVERSION = YES;
				CLANG_WARN_INFINITE_RECURSION = YES;
				CLANG_WARN_INT_CONVERSION = YES;
				CLANG_WARN_NON_LITERAL_NULL_CONVERSION = YES;
				CLANG_WARN_OBJC_IMPLICIT_RETAIN_SELF = YES;
				CLANG_WARN_OBJC_LITERAL_CONVERSION = YES;
				CLANG_WARN_OBJC_ROOT_CLASS = YES_ERROR;
				CLANG_WARN_QUOTED_INCLUDE_IN_FRAMEWORK_HEADER = YES;
				CLANG_WARN_RANGE_LOOP_ANALYSIS = YES;
				CLANG_WARN_STRICT_PROTOTYPES = YES;
				CLANG_WARN_SUSPICIOUS_MOVE = YES;
				CLANG_WARN_UNGUARDED_AVAILABILITY = YES_AGGRESSIVE;
				CLANG_WARN_UNREACHABLE_CODE = YES;
				CLANG_WARN__DUPLICATE_METHOD_MATCH = YES;
				COPY_PHASE_STRIP = NO;
				DEBUG_INFORMATION_FORMAT = "dwarf-with-dsym";
				ENABLE_NS_ASSERTIONS = NO;
				ENABLE_STRICT_OBJC_MSGSEND = YES;
				ENABLE_USER_SCRIPT_SANDBOXING = YES;
				GCC_C_LANGUAGE_STANDARD = gnu17;
				GCC_NO_COMMON_BLOCKS = YES;
				GCC_WARN_64_TO_32_BIT_CONVERSION = YES;
				GCC_WARN_ABOUT_RETURN_TYPE = YES_ERROR;
				GCC_WARN_UNDECLARED_SELECTOR = YES;
				GCC_WARN_UNINITIALIZED_AUTOS = YES_AGGRESSIVE;
				GCC_WARN_UNUSED_FUNCTION = YES;
				GCC_WARN_UNUSED_VARIABLE = YES;
				IPHONEOS_DEPLOYMENT_TARGET = 17.2;
				LOCALIZATION_PREFERS_STRING_CATALOGS = YES;
				MTL_ENABLE_DEBUG_INFO = NO;
				MTL_FAST_MATH = YES;
				SDKROOT = iphoneos;
				SWIFT_COMPILATION_MODE = wholemodule;
				VALIDATE_PRODUCT = YES;
			};
			name = Release;
		};
		187052042B8DD9BC009B0895 /* Debug */ = {
			isa = XCBuildConfiguration;
			buildSettings = {
				ASSETCATALOG_COMPILER_APPICON_NAME = AppIcon;
				ASSETCATALOG_COMPILER_GLOBAL_ACCENT_COLOR_NAME = AccentColor;
				CODE_SIGN_STYLE = Automatic;
				CURRENT_PROJECT_VERSION = 1;
				DEVELOPMENT_ASSET_PATHS = "\"Appetizers/Preview Content\"";
				DEVELOPMENT_TEAM = VMAT334RQ2;
				ENABLE_PREVIEWS = YES;
				GENERATE_INFOPLIST_FILE = YES;
				INFOPLIST_KEY_UIApplicationSceneManifest_Generation = YES;
				INFOPLIST_KEY_UIApplicationSupportsIndirectInputEvents = YES;
				INFOPLIST_KEY_UILaunchScreen_Generation = YES;
				INFOPLIST_KEY_UISupportedInterfaceOrientations_iPad = "UIInterfaceOrientationPortrait UIInterfaceOrientationPortraitUpsideDown UIInterfaceOrientationLandscapeLeft UIInterfaceOrientationLandscapeRight";
				INFOPLIST_KEY_UISupportedInterfaceOrientations_iPhone = "UIInterfaceOrientationPortrait UIInterfaceOrientationLandscapeLeft UIInterfaceOrientationLandscapeRight";
				LD_RUNPATH_SEARCH_PATHS = (
					"$(inherited)",
					"@executable_path/Frameworks",
				);
				MARKETING_VERSION = 1.0;
				PRODUCT_BUNDLE_IDENTIFIER = com.abhijith.appleframeworks.Appetizers;
				PRODUCT_NAME = "$(TARGET_NAME)";
				SWIFT_EMIT_LOC_STRINGS = YES;
				SWIFT_VERSION = 5.0;
				TARGETED_DEVICE_FAMILY = "1,2";
			};
			name = Debug;
		};
		187052052B8DD9BC009B0895 /* Release */ = {
			isa = XCBuildConfiguration;
			buildSettings = {
				ASSETCATALOG_COMPILER_APPICON_NAME = AppIcon;
				ASSETCATALOG_COMPILER_GLOBAL_ACCENT_COLOR_NAME = AccentColor;
				CODE_SIGN_STYLE = Automatic;
				CURRENT_PROJECT_VERSION = 1;
				DEVELOPMENT_ASSET_PATHS = "\"Appetizers/Preview Content\"";
				DEVELOPMENT_TEAM = VMAT334RQ2;
				ENABLE_PREVIEWS = YES;
				GENERATE_INFOPLIST_FILE = YES;
				INFOPLIST_KEY_UIApplicationSceneManifest_Generation = YES;
				INFOPLIST_KEY_UIApplicationSupportsIndirectInputEvents = YES;
				INFOPLIST_KEY_UILaunchScreen_Generation = YES;
				INFOPLIST_KEY_UISupportedInterfaceOrientations_iPad = "UIInterfaceOrientationPortrait UIInterfaceOrientationPortraitUpsideDown UIInterfaceOrientationLandscapeLeft UIInterfaceOrientationLandscapeRight";
				INFOPLIST_KEY_UISupportedInterfaceOrientations_iPhone = "UIInterfaceOrientationPortrait UIInterfaceOrientationLandscapeLeft UIInterfaceOrientationLandscapeRight";
				LD_RUNPATH_SEARCH_PATHS = (
					"$(inherited)",
					"@executable_path/Frameworks",
				);
				MARKETING_VERSION = 1.0;
				PRODUCT_BUNDLE_IDENTIFIER = com.abhijith.appleframeworks.Appetizers;
				PRODUCT_NAME = "$(TARGET_NAME)";
				SWIFT_EMIT_LOC_STRINGS = YES;
				SWIFT_VERSION = 5.0;
				TARGETED_DEVICE_FAMILY = "1,2";
			};
			name = Release;
		};
/* End XCBuildConfiguration section */

/* Begin XCConfigurationList section */
		187051F02B8DD9BA009B0895 /* Build configuration list for PBXProject "Appetizers" */ = {
			isa = XCConfigurationList;
			buildConfigurations = (
				187052012B8DD9BC009B0895 /* Debug */,
				187052022B8DD9BC009B0895 /* Release */,
			);
			defaultConfigurationIsVisible = 0;
			defaultConfigurationName = Release;
		};
		187052032B8DD9BC009B0895 /* Build configuration list for PBXNativeTarget "Appetizers" */ = {
			isa = XCConfigurationList;
			buildConfigurations = (
				187052042B8DD9BC009B0895 /* Debug */,
				187052052B8DD9BC009B0895 /* Release */,
			);
			defaultConfigurationIsVisible = 0;
			defaultConfigurationName = Release;
		};
/* End XCConfigurationList section */
	};
	rootObject = 187051ED2B8DD9BA009B0895 /* Project object */;
}
